
Microsoft Visual Studio Solution File, Format Version 12.00
# Visual Studio Version 17
VisualStudioVersion = 17.6.33829.357
MinimumVisualStudioVersion = 10.0.40219.1
Project("{FAE04EC0-301F-11D3-BF4B-00C04F79EFBC}") = "CoAutoWeb", "CoAutoWeb.csproj", "{92FF5FCA-1CA4-4775-9C24-36BC58352866}"
EndProject
Global
	GlobalSection(SolutionConfigurationPlatforms) = preSolution
		Debug|Any CPU = Debug|Any CPU
		Release|Any CPU = Release|Any CPU
	EndGlobalSection
	GlobalSection(ProjectConfigurationPlatforms) = postSolution
		{92FF5FCA-1CA4-4775-9C24-36BC58352866}.Debug|Any CPU.ActiveCfg = Debug|Any CPU
		{92FF5FCA-1CA4-4775-9C24-36BC58352866}.Debug|Any CPU.Build.0 = Debug|Any CPU
		{92FF5FCA-1CA4-4775-9C24-36BC58352866}.Release|Any CPU.ActiveCfg = Release|Any CPU
		{92FF5FCA-1CA4-4775-9C24-36BC58352866}.Release|Any CPU.Build.0 = Release|Any CPU
	EndGlobalSection
	GlobalSection(SolutionProperties) = preSolution
		HideSolutionNode = FALSE
	EndGlobalSection
	GlobalSection(ExtensibilityGlobals) = postSolution
		SolutionGuid = {88B993A2-F815-4922-B303-1F2DB22C022B}
	EndGlobalSection
EndGlobal
