Microsoft Visual Studio Solution File, Format Version 12.00
# Visual Studio Version 17
VisualStudioVersion = 17.6.33829.357
MinimumVisualStudioVersion = 10.0.40219.1
Project("{9A19103F-16F7-4668-BE54-9A1E7A4F7556}") = "CoAutoWeb", "CoAutoWeb\CoAutoWeb.csproj", "{E8481DDA-8DCF-4931-9C45-FE7A3A0E2756}"
EndProject
Project("{9A19103F-16F7-4668-BE54-9A1E7A4F7556}") = "Core", "Core\Core.csproj", "{2B811BC1-AF31-46FD-9A69-12A9E765E7A1}"
EndProject
Project("{9A19103F-16F7-4668-BE54-9A1E7A4F7556}") = "Service", "Service\Service.csproj", "{C29BC436-D5FD-4D9D-93FB-DA8315BE5E05}"
EndProject
Project("{9A19103F-16F7-4668-BE54-9A1E7A4F7556}") = "CoAutoWebTests", "CoAutoWebTests\CoAutoWebTests.csproj", "{39990FBC-1C8D-4612-A674-4130FCBB0459}"
EndProject
Project("{FAE04EC0-301F-11D3-BF4B-00C04F79EFBC}") = "ServiceTests1", "ServiceTests1\ServiceTests1.csproj", "{FEB4C6E8-8B54-489A-B1B3-0B06643AC566}"
EndProject
Global
	GlobalSection(SolutionConfigurationPlatforms) = preSolution
		Debug|Any CPU = Debug|Any CPU
		Release|Any CPU = Release|Any CPU
	EndGlobalSection
	GlobalSection(ProjectConfigurationPlatforms) = postSolution
		{E8481DDA-8DCF-4931-9C45-FE7A3A0E2756}.Debug|Any CPU.ActiveCfg = Debug|Any CPU
		{E8481DDA-8DCF-4931-9C45-FE7A3A0E2756}.Debug|Any CPU.Build.0 = Debug|Any CPU
		{E8481DDA-8DCF-4931-9C45-FE7A3A0E2756}.Release|Any CPU.ActiveCfg = Release|Any CPU
		{E8481DDA-8DCF-4931-9C45-FE7A3A0E2756}.Release|Any CPU.Build.0 = Release|Any CPU
		{2B811BC1-AF31-46FD-9A69-12A9E765E7A1}.Debug|Any CPU.ActiveCfg = Debug|Any CPU
		{2B811BC1-AF31-46FD-9A69-12A9E765E7A1}.Debug|Any CPU.Build.0 = Debug|Any CPU
		{2B811BC1-AF31-46FD-9A69-12A9E765E7A1}.Release|Any CPU.ActiveCfg = Release|Any CPU
		{2B811BC1-AF31-46FD-9A69-12A9E765E7A1}.Release|Any CPU.Build.0 = Release|Any CPU
		{C29BC436-D5FD-4D9D-93FB-DA8315BE5E05}.Debug|Any CPU.ActiveCfg = Debug|Any CPU
		{C29BC436-D5FD-4D9D-93FB-DA8315BE5E05}.Debug|Any CPU.Build.0 = Debug|Any CPU
		{C29BC436-D5FD-4D9D-93FB-DA8315BE5E05}.Release|Any CPU.ActiveCfg = Release|Any CPU
		{C29BC436-D5FD-4D9D-93FB-DA8315BE5E05}.Release|Any CPU.Build.0 = Release|Any CPU
		{39990FBC-1C8D-4612-A674-4130FCBB0459}.Debug|Any CPU.ActiveCfg = Debug|Any CPU
		{39990FBC-1C8D-4612-A674-4130FCBB0459}.Debug|Any CPU.Build.0 = Debug|Any CPU
		{39990FBC-1C8D-4612-A674-4130FCBB0459}.Release|Any CPU.ActiveCfg = Release|Any CPU
		{39990FBC-1C8D-4612-A674-4130FCBB0459}.Release|Any CPU.Build.0 = Release|Any CPU
		{FEB4C6E8-8B54-489A-B1B3-0B06643AC566}.Debug|Any CPU.ActiveCfg = Debug|Any CPU
		{FEB4C6E8-8B54-489A-B1B3-0B06643AC566}.Debug|Any CPU.Build.0 = Debug|Any CPU
		{FEB4C6E8-8B54-489A-B1B3-0B06643AC566}.Release|Any CPU.ActiveCfg = Release|Any CPU
		{FEB4C6E8-8B54-489A-B1B3-0B06643AC566}.Release|Any CPU.Build.0 = Release|Any CPU
	EndGlobalSection
	GlobalSection(SolutionProperties) = preSolution
		HideSolutionNode = FALSE
	EndGlobalSection
	GlobalSection(ExtensibilityGlobals) = postSolution
		SolutionGuid = {2308637D-1411-4B07-9AC1-1B47F5CB6521}
	EndGlobalSection
EndGlobal
